
Microsoft Visual Studio Solution File, Format Version 12.00
# Visual Studio Version 16
VisualStudioVersion = 16.0.29709.97
MinimumVisualStudioVersion = 10.0.40219.1
Project("{9A19103F-16F7-4668-BE54-9A1E7A4F7556}") = "NorthwindDB", "NorthwindDB\NorthwindDB.csproj", "{CC8AA7D4-BEFB-462A-BD83-E81A35934BE5}"
EndProject
Global
	GlobalSection(SolutionConfigurationPlatforms) = preSolution
		Debug|Any CPU = Debug|Any CPU
		Release|Any CPU = Release|Any CPU
	EndGlobalSection
	GlobalSection(ProjectConfigurationPlatforms) = postSolution
		{CC8AA7D4-BEFB-462A-BD83-E81A35934BE5}.Debug|Any CPU.ActiveCfg = Debug|Any CPU
		{CC8AA7D4-BEFB-462A-BD83-E81A35934BE5}.Debug|Any CPU.Build.0 = Debug|Any CPU
		{CC8AA7D4-BEFB-462A-BD83-E81A35934BE5}.Release|Any CPU.ActiveCfg = Release|Any CPU
		{CC8AA7D4-BEFB-462A-BD83-E81A35934BE5}.Release|Any CPU.Build.0 = Release|Any CPU
	EndGlobalSection
	GlobalSection(SolutionProperties) = preSolution
		HideSolutionNode = FALSE
	EndGlobalSection
	GlobalSection(ExtensibilityGlobals) = postSolution
		SolutionGuid = {3A7F5E64-CB48-474C-B3F8-D2E388E0541F}
	EndGlobalSection
EndGlobal
